{
    "packages-dev": [
        {
            "name": "phpunit/phpunit",
            "version": "9.5.28",
            "source": {
                "type": "git",
                "url": "https://github.com/sebastianbergmann/phpunit.git",
                "reference": "9.5.28"
            },
            "require": {
                "php": "^7.3 || ^8.0"
            }
        }
    ]
}
